
Microsoft Visual Studio Solution File, Format Version 12.00
# Visual Studio Version 16
VisualStudioVersion = 16.0.31729.503
MinimumVisualStudioVersion = 10.0.40219.1
Project("{FAE04EC0-301F-11D3-BF4B-00C04F79EFBC}") = "BIProject", "BIProject\BIProject.csproj", "{36495EE5-568B-44BC-8877-368E0AFCC50C}"
EndProject
Global
	GlobalSection(SolutionConfigurationPlatforms) = preSolution
		Debug|Any CPU = Debug|Any CPU
		Release|Any CPU = Release|Any CPU
	EndGlobalSection
	GlobalSection(ProjectConfigurationPlatforms) = postSolution
		{36495EE5-568B-44BC-8877-368E0AFCC50C}.Debug|Any CPU.ActiveCfg = Debug|Any CPU
		{36495EE5-568B-44BC-8877-368E0AFCC50C}.Debug|Any CPU.Build.0 = Debug|Any CPU
		{36495EE5-568B-44BC-8877-368E0AFCC50C}.Release|Any CPU.ActiveCfg = Release|Any CPU
		{36495EE5-568B-44BC-8877-368E0AFCC50C}.Release|Any CPU.Build.0 = Release|Any CPU
	EndGlobalSection
	GlobalSection(SolutionProperties) = preSolution
		HideSolutionNode = FALSE
	EndGlobalSection
	GlobalSection(ExtensibilityGlobals) = postSolution
		SolutionGuid = {B384D25E-1F67-41B9-B22C-256CF1C7BD72}
	EndGlobalSection
EndGlobal
